
Microsoft Visual Studio Solution File, Format Version 12.00
# Visual Studio Version 17
VisualStudioVersion = 17.8.34408.163
MinimumVisualStudioVersion = 10.0.40219.1
Project("{9A19103F-16F7-4668-BE54-9A1E7A4F7556}") = "Adonet", "Adonet\Adonet.csproj", "{32F5AA8D-4CC5-4082-B4C8-6B638E5F2765}"
EndProject
Project("{9A19103F-16F7-4668-BE54-9A1E7A4F7556}") = "DataAccessLayer", "DataAccessLayer\DataAccessLayer.csproj", "{BE40C9D1-6A36-4932-93B9-B7D1438DE84A}"
EndProject
Project("{9A19103F-16F7-4668-BE54-9A1E7A4F7556}") = "Helprs", "Helprs\Helprs.csproj", "{4C945541-32D9-4FBE-A41D-351C7C8B460A}"
EndProject
Project("{FAE04EC0-301F-11D3-BF4B-00C04F79EFBC}") = "Models", "Models\Models.csproj", "{79BBFBD1-27B2-431C-98FD-0799BD475562}"
EndProject
Global
	GlobalSection(SolutionConfigurationPlatforms) = preSolution
		Debug|Any CPU = Debug|Any CPU
		Release|Any CPU = Release|Any CPU
	EndGlobalSection
	GlobalSection(ProjectConfigurationPlatforms) = postSolution
		{32F5AA8D-4CC5-4082-B4C8-6B638E5F2765}.Debug|Any CPU.ActiveCfg = Debug|Any CPU
		{32F5AA8D-4CC5-4082-B4C8-6B638E5F2765}.Debug|Any CPU.Build.0 = Debug|Any CPU
		{32F5AA8D-4CC5-4082-B4C8-6B638E5F2765}.Release|Any CPU.ActiveCfg = Release|Any CPU
		{32F5AA8D-4CC5-4082-B4C8-6B638E5F2765}.Release|Any CPU.Build.0 = Release|Any CPU
		{BE40C9D1-6A36-4932-93B9-B7D1438DE84A}.Debug|Any CPU.ActiveCfg = Debug|Any CPU
		{BE40C9D1-6A36-4932-93B9-B7D1438DE84A}.Debug|Any CPU.Build.0 = Debug|Any CPU
		{BE40C9D1-6A36-4932-93B9-B7D1438DE84A}.Release|Any CPU.ActiveCfg = Release|Any CPU
		{BE40C9D1-6A36-4932-93B9-B7D1438DE84A}.Release|Any CPU.Build.0 = Release|Any CPU
		{4C945541-32D9-4FBE-A41D-351C7C8B460A}.Debug|Any CPU.ActiveCfg = Debug|Any CPU
		{4C945541-32D9-4FBE-A41D-351C7C8B460A}.Debug|Any CPU.Build.0 = Debug|Any CPU
		{4C945541-32D9-4FBE-A41D-351C7C8B460A}.Release|Any CPU.ActiveCfg = Release|Any CPU
		{4C945541-32D9-4FBE-A41D-351C7C8B460A}.Release|Any CPU.Build.0 = Release|Any CPU
		{79BBFBD1-27B2-431C-98FD-0799BD475562}.Debug|Any CPU.ActiveCfg = Debug|Any CPU
		{79BBFBD1-27B2-431C-98FD-0799BD475562}.Debug|Any CPU.Build.0 = Debug|Any CPU
		{79BBFBD1-27B2-431C-98FD-0799BD475562}.Release|Any CPU.ActiveCfg = Release|Any CPU
		{79BBFBD1-27B2-431C-98FD-0799BD475562}.Release|Any CPU.Build.0 = Release|Any CPU
	EndGlobalSection
	GlobalSection(SolutionProperties) = preSolution
		HideSolutionNode = FALSE
	EndGlobalSection
	GlobalSection(ExtensibilityGlobals) = postSolution
		SolutionGuid = {9C586688-7439-4B17-8B10-233EBDEE36C3}
	EndGlobalSection
EndGlobal
